
Microsoft Visual Studio Solution File, Format Version 12.00
# Visual Studio 15
VisualStudioVersion = 15.0.26228.9
MinimumVisualStudioVersion = 10.0.40219.1
Project("{FAE04EC0-301F-11D3-BF4B-00C04F79EFBC}") = "AssemblySoft.FileClient.Tests", "AssemblySoft.FileClient.Tests\AssemblySoft.FileClient.Tests.csproj", "{0CE02176-0D6C-468D-955E-5ECD178E203F}"
EndProject
Project("{FAE04EC0-301F-11D3-BF4B-00C04F79EFBC}") = "AssemblySoft.FileClient", "AssemblySoft.FileClient\AssemblySoft.FileClient.csproj", "{905478B1-1329-48D9-B942-80D08DCCAD1D}"
EndProject
Global
	GlobalSection(SolutionConfigurationPlatforms) = preSolution
		Debug|Any CPU = Debug|Any CPU
		Release|Any CPU = Release|Any CPU
	EndGlobalSection
	GlobalSection(ProjectConfigurationPlatforms) = postSolution
		{0CE02176-0D6C-468D-955E-5ECD178E203F}.Debug|Any CPU.ActiveCfg = Debug|Any CPU
		{0CE02176-0D6C-468D-955E-5ECD178E203F}.Debug|Any CPU.Build.0 = Debug|Any CPU
		{0CE02176-0D6C-468D-955E-5ECD178E203F}.Release|Any CPU.ActiveCfg = Release|Any CPU
		{0CE02176-0D6C-468D-955E-5ECD178E203F}.Release|Any CPU.Build.0 = Release|Any CPU
		{905478B1-1329-48D9-B942-80D08DCCAD1D}.Debug|Any CPU.ActiveCfg = Debug|Any CPU
		{905478B1-1329-48D9-B942-80D08DCCAD1D}.Debug|Any CPU.Build.0 = Debug|Any CPU
		{905478B1-1329-48D9-B942-80D08DCCAD1D}.Release|Any CPU.ActiveCfg = Release|Any CPU
		{905478B1-1329-48D9-B942-80D08DCCAD1D}.Release|Any CPU.Build.0 = Release|Any CPU
	EndGlobalSection
	GlobalSection(SolutionProperties) = preSolution
		HideSolutionNode = FALSE
	EndGlobalSection
EndGlobal
